
Microsoft Visual Studio Solution File, Format Version 12.00
# Visual Studio Version 17
VisualStudioVersion = 17.5.2.0
MinimumVisualStudioVersion = 10.0.40219.1
Project("{FAE04EC0-301F-11D3-BF4B-00C04F79EFBC}") = "NUnitExample.Tests", "NUnitExample.Tests\NUnitExample.Tests.csproj", "{F7E0CBCB-D338-47C6-8EF8-47D148EB7723}"
EndProject
Project("{FAE04EC0-301F-11D3-BF4B-00C04F79EFBC}") = "WebhookApi", "WebhookApi\WebhookApi.csproj", "{98FF8EC9-D5F7-31AE-E408-FD19F5BF3D9E}"
EndProject
Project("{FAE04EC0-301F-11D3-BF4B-00C04F79EFBC}") = "GmailTokenGenerator", "GmailTokenGenerator\GmailTokenGenerator.csproj", "{56C46582-806A-4D5C-A3AD-1137F29CF408}"
EndProject
Global
	GlobalSection(SolutionConfigurationPlatforms) = preSolution
		Debug|Any CPU = Debug|Any CPU
		Debug|x64 = Debug|x64
		Debug|x86 = Debug|x86
		Release|Any CPU = Release|Any CPU
		Release|x64 = Release|x64
		Release|x86 = Release|x86
	EndGlobalSection
	GlobalSection(ProjectConfigurationPlatforms) = postSolution
		{F7E0CBCB-D338-47C6-8EF8-47D148EB7723}.Debug|Any CPU.ActiveCfg = Debug|Any CPU
		{F7E0CBCB-D338-47C6-8EF8-47D148EB7723}.Debug|Any CPU.Build.0 = Debug|Any CPU
		{F7E0CBCB-D338-47C6-8EF8-47D148EB7723}.Debug|x64.ActiveCfg = Debug|Any CPU
		{F7E0CBCB-D338-47C6-8EF8-47D148EB7723}.Debug|x64.Build.0 = Debug|Any CPU
		{F7E0CBCB-D338-47C6-8EF8-47D148EB7723}.Debug|x86.ActiveCfg = Debug|Any CPU
		{F7E0CBCB-D338-47C6-8EF8-47D148EB7723}.Debug|x86.Build.0 = Debug|Any CPU
		{F7E0CBCB-D338-47C6-8EF8-47D148EB7723}.Release|Any CPU.ActiveCfg = Release|Any CPU
		{F7E0CBCB-D338-47C6-8EF8-47D148EB7723}.Release|Any CPU.Build.0 = Release|Any CPU
		{F7E0CBCB-D338-47C6-8EF8-47D148EB7723}.Release|x64.ActiveCfg = Release|Any CPU
		{F7E0CBCB-D338-47C6-8EF8-47D148EB7723}.Release|x64.Build.0 = Release|Any CPU
		{F7E0CBCB-D338-47C6-8EF8-47D148EB7723}.Release|x86.ActiveCfg = Release|Any CPU
		{F7E0CBCB-D338-47C6-8EF8-47D148EB7723}.Release|x86.Build.0 = Release|Any CPU
		{98FF8EC9-D5F7-31AE-E408-FD19F5BF3D9E}.Debug|Any CPU.ActiveCfg = Debug|Any CPU
		{98FF8EC9-D5F7-31AE-E408-FD19F5BF3D9E}.Debug|Any CPU.Build.0 = Debug|Any CPU
		{98FF8EC9-D5F7-31AE-E408-FD19F5BF3D9E}.Debug|x64.ActiveCfg = Debug|Any CPU
		{98FF8EC9-D5F7-31AE-E408-FD19F5BF3D9E}.Debug|x64.Build.0 = Debug|Any CPU
		{98FF8EC9-D5F7-31AE-E408-FD19F5BF3D9E}.Debug|x86.ActiveCfg = Debug|Any CPU
		{98FF8EC9-D5F7-31AE-E408-FD19F5BF3D9E}.Debug|x86.Build.0 = Debug|Any CPU
		{98FF8EC9-D5F7-31AE-E408-FD19F5BF3D9E}.Release|Any CPU.ActiveCfg = Release|Any CPU
		{98FF8EC9-D5F7-31AE-E408-FD19F5BF3D9E}.Release|Any CPU.Build.0 = Release|Any CPU
		{98FF8EC9-D5F7-31AE-E408-FD19F5BF3D9E}.Release|x64.ActiveCfg = Release|Any CPU
		{98FF8EC9-D5F7-31AE-E408-FD19F5BF3D9E}.Release|x64.Build.0 = Release|Any CPU
		{98FF8EC9-D5F7-31AE-E408-FD19F5BF3D9E}.Release|x86.ActiveCfg = Release|Any CPU
		{98FF8EC9-D5F7-31AE-E408-FD19F5BF3D9E}.Release|x86.Build.0 = Release|Any CPU
		{56C46582-806A-4D5C-A3AD-1137F29CF408}.Debug|Any CPU.ActiveCfg = Debug|Any CPU
		{56C46582-806A-4D5C-A3AD-1137F29CF408}.Debug|Any CPU.Build.0 = Debug|Any CPU
		{56C46582-806A-4D5C-A3AD-1137F29CF408}.Debug|x64.ActiveCfg = Debug|Any CPU
		{56C46582-806A-4D5C-A3AD-1137F29CF408}.Debug|x64.Build.0 = Debug|Any CPU
		{56C46582-806A-4D5C-A3AD-1137F29CF408}.Debug|x86.ActiveCfg = Debug|Any CPU
		{56C46582-806A-4D5C-A3AD-1137F29CF408}.Debug|x86.Build.0 = Debug|Any CPU
		{56C46582-806A-4D5C-A3AD-1137F29CF408}.Release|Any CPU.ActiveCfg = Release|Any CPU
		{56C46582-806A-4D5C-A3AD-1137F29CF408}.Release|Any CPU.Build.0 = Release|Any CPU
		{56C46582-806A-4D5C-A3AD-1137F29CF408}.Release|x64.ActiveCfg = Release|Any CPU
		{56C46582-806A-4D5C-A3AD-1137F29CF408}.Release|x64.Build.0 = Release|Any CPU
		{56C46582-806A-4D5C-A3AD-1137F29CF408}.Release|x86.ActiveCfg = Release|Any CPU
		{56C46582-806A-4D5C-A3AD-1137F29CF408}.Release|x86.Build.0 = Release|Any CPU
	EndGlobalSection
	GlobalSection(SolutionProperties) = preSolution
		HideSolutionNode = FALSE
	EndGlobalSection
	GlobalSection(ExtensibilityGlobals) = postSolution
		SolutionGuid = {03CBB10C-31CF-443B-951B-212B3EE77EFE}
	EndGlobalSection
EndGlobal
